PODS:
  - ILLoginKit (1.0.2):
    - Validator (= 3.0.2)
  - Validator (3.0.2)

DEPENDENCIES:
  - ILLoginKit (from `../`)

SPEC REPOS:
  trunk:
    - Validator

EXTERNAL SOURCES:
  ILLoginKit:
    :path: "../"

SPEC CHECKSUMS:
  ILLoginKit: 44d876ef75101cceb0e691c7663d1dc932086d0e
  Validator: bf211c1d71b3f910d230c09c70e62429d0fef63a

PODFILE CHECKSUM: 122b20bb1eac42606ddc06e4bca9a845d06723fd

COCOAPODS: 1.12.1
